// !$*UTF8*$!
{
	archiveVersion = 1;
	classes = {
	};
	objectVersion = 46;
	objects = {

/* Begin PBXBuildFile section */
		1B24F7AF1E086A1800D86E64 /* AppDelegate.swift in Sources */ = {isa = PBXBuildFile; fileRef = 1B24F7AE1E086A1800D86E64 /* AppDelegate.swift */; };
		1B24F7B11E086A1800D86E64 /* ViewController.swift in Sources */ = {isa = PBXBuildFile; fileRef = 1B24F7B01E086A1800D86E64 /* ViewController.swift */; };
		1B24F7B41E086A1800D86E64 /* Main.storyboard in Resources */ = {isa = PBXBuildFile; fileRef = 1B24F7B21E086A1800D86E64 /* Main.storyboard */; };
		1B24F7B61E086A1800D86E64 /* Assets.xcassets in Resources */ = {isa = PBXBuildFile; fileRef = 1B24F7B51E086A1800D86E64 /* Assets.xcassets */; };
		1B24F7B91E086A1800D86E64 /* LaunchScreen.storyboard in Resources */ = {isa = PBXBuildFile; fileRef = 1B24F7B71E086A1800D86E64 /* LaunchScreen.storyboard */; };
		1B24F7C41E086A1800D86E64 /* RandomNumberFactsTests.swift in Sources */ = {isa = PBXBuildFile; fileRef = 1B24F7C31E086A1800D86E64 /* RandomNumberFactsTests.swift */; };
		1B24F7CF1E086A1800D86E64 /* RandomNumberFactsUITests.swift in Sources */ = {isa = PBXBuildFile; fileRef = 1B24F7CE1E086A1800D86E64 /* RandomNumberFactsUITests.swift */; };
		1B24F7DD1E086A8E00D86E64 /* NumbersAPIClient.swift in Sources */ = {isa = PBXBuildFile; fileRef = 1B24F7DC1E086A8E00D86E64 /* NumbersAPIClient.swift */; };
		1B48D42F1E0A24740049F606 /* FactDataStore.swift in Sources */ = {isa = PBXBuildFile; fileRef = 1B48D42E1E0A24740049F606 /* FactDataStore.swift */; };
		1B48D4311E0A32900049F606 /* Facts.swift in Sources */ = {isa = PBXBuildFile; fileRef = 1B48D4301E0A32900049F606 /* Facts.swift */; };
/* End PBXBuildFile section */

/* Begin PBXContainerItemProxy section */
		1B24F7C01E086A1800D86E64 /* PBXContainerItemProxy */ = {
			isa = PBXContainerItemProxy;
			containerPortal = 1B24F7A31E086A1800D86E64 /* Project object */;
			proxyType = 1;
			remoteGlobalIDString = 1B24F7AA1E086A1800D86E64;
			remoteInfo = RandomNumberFacts;
		};
		1B24F7CB1E086A1800D86E64 /* PBXContainerItemProxy */ = {
			isa = PBXContainerItemProxy;
			containerPortal = 1B24F7A31E086A1800D86E64 /* Project object */;
			proxyType = 1;
			remoteGlobalIDString = 1B24F7AA1E086A1800D86E64;
			remoteInfo = RandomNumberFacts;
		};
/* End PBXContainerItemProxy section */

/* Begin PBXFileReference section */
		1B24F7AB1E086A1800D86E64 /* RandomNumberFacts.app */ = {isa = PBXFileReference; explicitFileType = wrapper.application; includeInIndex = 0; path = RandomNumberFacts.app; sourceTree = BUILT_PRODUCTS_DIR; };
		1B24F7AE1E086A1800D86E64 /* AppDelegate.swift */ = {isa = PBXFileReference; lastKnownFileType = sourcecode.swift; path = AppDelegate.swift; sourceTree = "<group>"; };
		1B24F7B01E086A1800D86E64 /* ViewController.swift */ = {isa = PBXFileReference; lastKnownFileType = sourcecode.swift; path = ViewController.swift; sourceTree = "<group>"; };
		1B24F7B31E086A1800D86E64 /* Base */ = {isa = PBXFileReference; lastKnownFileType = file.storyboard; name = Base; path = Base.lproj/Main.storyboard; sourceTree = "<group>"; };
		1B24F7B51E086A1800D86E64 /* Assets.xcassets */ = {isa = PBXFileReference; lastKnownFileType = folder.assetcatalog; path = Assets.xcassets; sourceTree = "<group>"; };
		1B24F7B81E086A1800D86E64 /* Base */ = {isa = PBXFileReference; lastKnownFileType = file.storyboard; name = Base; path = Base.lproj/LaunchScreen.storyboard; sourceTree = "<group>"; };
		1B24F7BA1E086A1800D86E64 /* Info.plist */ = {isa = PBXFileReference; lastKnownFileType = text.plist.xml; path = Info.plist; sourceTree = "<group>"; };
		1B24F7BF1E086A1800D86E64 /* RandomNumberFactsTests.xctest */ = {isa = PBXFileReference; explicitFileType = wrapper.cfbundle; includeInIndex = 0; path = RandomNumberFactsTests.xctest; sourceTree = BUILT_PRODUCTS_DIR; };
		1B24F7C31E086A1800D86E64 /* RandomNumberFactsTests.swift */ = {isa = PBXFileReference; lastKnownFileType = sourcecode.swift; path = RandomNumberFactsTests.swift; sourceTree = "<group>"; };
		1B24F7C51E086A1800D86E64 /* Info.plist */ = {isa = PBXFileReference; lastKnownFileType = text.plist.xml; path = Info.plist; sourceTree = "<group>"; };
		1B24F7CA1E086A1800D86E64 /* RandomNumberFactsUITests.xctest */ = {isa = PBXFileReference; explicitFileType = wrapper.cfbundle; includeInIndex = 0; path = RandomNumberFactsUITests.xctest; sourceTree = BUILT_PRODUCTS_DIR; };
		1B24F7CE1E086A1800D86E64 /* RandomNumberFactsUITests.swift */ = {isa = PBXFileReference; lastKnownFileType = sourcecode.swift; path = RandomNumberFactsUITests.swift; sourceTree = "<group>"; };
		1B24F7D01E086A1800D86E64 /* Info.plist */ = {isa = PBXFileReference; lastKnownFileType = text.plist.xml; path = Info.plist; sourceTree = "<group>"; };
		1B24F7DC1E086A8E00D86E64 /* NumbersAPIClient.swift */ = {isa = PBXFileReference; fileEncoding = 4; lastKnownFileType = sourcecode.swift; path = NumbersAPIClient.swift; sourceTree = "<group>"; };
		1B48D42E1E0A24740049F606 /* FactDataStore.swift */ = {isa = PBXFileReference; fileEncoding = 4; lastKnownFileType = sourcecode.swift; path = FactDataStore.swift; sourceTree = "<group>"; };
		1B48D4301E0A32900049F606 /* Facts.swift */ = {isa = PBXFileReference; fileEncoding = 4; lastKnownFileType = sourcecode.swift; path = Facts.swift; sourceTree = "<group>"; };
/* End PBXFileReference section */

/* Begin PBXFrameworksBuildPhase section */
		1B24F7A81E086A1800D86E64 /* Frameworks */ = {
			isa = PBXFrameworksBuildPhase;
			buildActionMask = 2147483647;
			files = (
			);
			runOnlyForDeploymentPostprocessing = 0;
		};
		1B24F7BC1E086A1800D86E64 /* Frameworks */ = {
			isa = PBXFrameworksBuildPhase;
			buildActionMask = 2147483647;
			files = (
			);
			runOnlyForDeploymentPostprocessing = 0;
		};
		1B24F7C71E086A1800D86E64 /* Frameworks */ = {
			isa = PBXFrameworksBuildPhase;
			buildActionMask = 2147483647;
			files = (
			);
			runOnlyForDeploymentPostprocessing = 0;
		};
/* End PBXFrameworksBuildPhase section */

/* Begin PBXGroup section */
		1B24F7A21E086A1800D86E64 = {
			isa = PBXGroup;
			children = (
				1B24F7AD1E086A1800D86E64 /* RandomNumberFacts */,
				1B24F7C21E086A1800D86E64 /* RandomNumberFactsTests */,
				1B24F7CD1E086A1800D86E64 /* RandomNumberFactsUITests */,
				1B24F7AC1E086A1800D86E64 /* Products */,
			);
			sourceTree = "<group>";
		};
		1B24F7AC1E086A1800D86E64 /* Products */ = {
			isa = PBXGroup;
			children = (
				1B24F7AB1E086A1800D86E64 /* RandomNumberFacts.app */,
				1B24F7BF1E086A1800D86E64 /* RandomNumberFactsTests.xctest */,
				1B24F7CA1E086A1800D86E64 /* RandomNumberFactsUITests.xctest */,
			);
			name = Products;
			sourceTree = "<group>";
		};
		1B24F7AD1E086A1800D86E64 /* RandomNumberFacts */ = {
			isa = PBXGroup;
			children = (
				1B24F7AE1E086A1800D86E64 /* AppDelegate.swift */,
				1B24F7B01E086A1800D86E64 /* ViewController.swift */,
				1B24F7B21E086A1800D86E64 /* Main.storyboard */,
				1B24F7DC1E086A8E00D86E64 /* NumbersAPIClient.swift */,
				1B48D42E1E0A24740049F606 /* FactDataStore.swift */,
				1B48D4301E0A32900049F606 /* Facts.swift */,
				1B24F7B51E086A1800D86E64 /* Assets.xcassets */,
				1B24F7B71E086A1800D86E64 /* LaunchScreen.storyboard */,
				1B24F7BA1E086A1800D86E64 /* Info.plist */,
			);
			path = RandomNumberFacts;
			sourceTree = "<group>";
		};
		1B24F7C21E086A1800D86E64 /* RandomNumberFactsTests */ = {
			isa = PBXGroup;
			children = (
				1B24F7C31E086A1800D86E64 /* RandomNumberFactsTests.swift */,
				1B24F7C51E086A1800D86E64 /* Info.plist */,
			);
			path = RandomNumberFactsTests;
			sourceTree = "<group>";
		};
		1B24F7CD1E086A1800D86E64 /* RandomNumberFactsUITests */ = {
			isa = PBXGroup;
			children = (
				1B24F7CE1E086A1800D86E64 /* RandomNumberFactsUITests.swift */,
				1B24F7D01E086A1800D86E64 /* Info.plist */,
			);
			path = RandomNumberFactsUITests;
			sourceTree = "<group>";
		};
/* End PBXGroup section */

/* Begin PBXNativeTarget section */
		1B24F7AA1E086A1800D86E64 /* RandomNumberFacts */ = {
			isa = PBXNativeTarget;
			buildConfigurationList = 1B24F7D31E086A1800D86E64 /* Build configuration list for PBXNativeTarget "RandomNumberFacts" */;
			buildPhases = (
				1B24F7A71E086A1800D86E64 /* Sources */,
				1B24F7A81E086A1800D86E64 /* Frameworks */,
				1B24F7A91E086A1800D86E64 /* Resources */,
			);
			buildRules = (
			);
			dependencies = (
			);
			name = RandomNumberFacts;
			productName = RandomNumberFacts;
			productReference = 1B24F7AB1E086A1800D86E64 /* RandomNumberFacts.app */;
			productType = "com.apple.product-type.application";
		};
		1B24F7BE1E086A1800D86E64 /* RandomNumberFactsTests */ = {
			isa = PBXNativeTarget;
			buildConfigurationList = 1B24F7D61E086A1800D86E64 /* Build configuration list for PBXNativeTarget "RandomNumberFactsTests" */;
			buildPhases = (
				1B24F7BB1E086A1800D86E64 /* Sources */,
				1B24F7BC1E086A1800D86E64 /* Frameworks */,
				1B24F7BD1E086A1800D86E64 /* Resources */,
			);
			buildRules = (
			);
			dependencies = (
				1B24F7C11E086A1800D86E64 /* PBXTargetDependency */,
			);
			name = RandomNumberFactsTests;
			productName = RandomNumberFactsTests;
			productReference = 1B24F7BF1E086A1800D86E64 /* RandomNumberFactsTests.xctest */;
			productType = "com.apple.product-type.bundle.unit-test";
		};
		1B24F7C91E086A1800D86E64 /* RandomNumberFactsUITests */ = {
			isa = PBXNativeTarget;
			buildConfigurationList = 1B24F7D91E086A1800D86E64 /* Build configuration list for PBXNativeTarget "RandomNumberFactsUITests" */;
			buildPhases = (
				1B24F7C61E086A1800D86E64 /* Sources */,
				1B24F7C71E086A1800D86E64 /* Frameworks */,
				1B24F7C81E086A1800D86E64 /* Resources */,
			);
			buildRules = (
			);
			dependencies = (
				1B24F7CC1E086A1800D86E64 /* PBXTargetDependency */,
			);
			name = RandomNumberFactsUITests;
			productName = RandomNumberFactsUITests;
			productReference = 1B24F7CA1E086A1800D86E64 /* RandomNumberFactsUITests.xctest */;
			productType = "com.apple.product-type.bundle.ui-testing";
		};
/* End PBXNativeTarget section */

/* Begin PBXProject section */
		1B24F7A31E086A1800D86E64 /* Project object */ = {
			isa = PBXProject;
			attributes = {
				LastSwiftUpdateCheck = 0820;
				LastUpgradeCheck = 0820;
				ORGANIZATIONNAME = "Flatiron School";
				TargetAttributes = {
					1B24F7AA1E086A1800D86E64 = {
						CreatedOnToolsVersion = 8.2;
						ProvisioningStyle = Automatic;
					};
					1B24F7BE1E086A1800D86E64 = {
						CreatedOnToolsVersion = 8.2;
						ProvisioningStyle = Automatic;
						TestTargetID = 1B24F7AA1E086A1800D86E64;
					};
					1B24F7C91E086A1800D86E64 = {
						CreatedOnToolsVersion = 8.2;
						ProvisioningStyle = Automatic;
						TestTargetID = 1B24F7AA1E086A1800D86E64;
					};
				};
			};
			buildConfigurationList = 1B24F7A61E086A1800D86E64 /* Build configuration list for PBXProject "RandomNumberFacts" */;
			compatibilityVersion = "Xcode 3.2";
			developmentRegion = English;
			hasScannedForEncodings = 0;
			knownRegions = (
				en,
				Base,
			);
			mainGroup = 1B24F7A21E086A1800D86E64;
			productRefGroup = 1B24F7AC1E086A1800D86E64 /* Products */;
			projectDirPath = "";
			projectRoot = "";
			targets = (
				1B24F7AA1E086A1800D86E64 /* RandomNumberFacts */,
				1B24F7BE1E086A1800D86E64 /* RandomNumberFactsTests */,
				1B24F7C91E086A1800D86E64 /* RandomNumberFactsUITests */,
			);
		};
/* End PBXProject section */

/* Begin PBXResourcesBuildPhase section */
		1B24F7A91E086A1800D86E64 /* Resources */ = {
			isa = PBXResourcesBuildPhase;
			buildActionMask = 2147483647;
			files = (
				1B24F7B91E086A1800D86E64 /* LaunchScreen.storyboard in Resources */,
				1B24F7B61E086A1800D86E64 /* Assets.xcassets in Resources */,
				1B24F7B41E086A1800D86E64 /* Main.storyboard in Resources */,
			);
			runOnlyForDeploymentPostprocessing = 0;
		};
		1B24F7BD1E086A1800D86E64 /* Resources */ = {
			isa = PBXResourcesBuildPhase;
			buildActionMask = 2147483647;
			files = (
			);
			runOnlyForDeploymentPostprocessing = 0;
		};
		1B24F7C81E086A1800D86E64 /* Resources */ = {
			isa = PBXResourcesBuildPhase;
			buildActionMask = 2147483647;
			files = (
			);
			runOnlyForDeploymentPostprocessing = 0;
		};
/* End PBXResourcesBuildPhase section */

/* Begin PBXSourcesBuildPhase section */
		1B24F7A71E086A1800D86E64 /* Sources */ = {
			isa = PBXSourcesBuildPhase;
			buildActionMask = 2147483647;
			files = (
				1B24F7B11E086A1800D86E64 /* ViewController.swift in Sources */,
				1B48D4311E0A32900049F606 /* Facts.swift in Sources */,
				1B24F7AF1E086A1800D86E64 /* AppDelegate.swift in Sources */,
				1B24F7DD1E086A8E00D86E64 /* NumbersAPIClient.swift in Sources */,
				1B48D42F1E0A24740049F606 /* FactDataStore.swift in Sources */,
			);
			runOnlyForDeploymentPostprocessing = 0;
		};
		1B24F7BB1E086A1800D86E64 /* Sources */ = {
			isa = PBXSourcesBuildPhase;
			buildActionMask = 2147483647;
			files = (
				1B24F7C41E086A1800D86E64 /* RandomNumberFactsTests.swift in Sources */,
			);
			runOnlyForDeploymentPostprocessing = 0;
		};
		1B24F7C61E086A1800D86E64 /* Sources */ = {
			isa = PBXSourcesBuildPhase;
			buildActionMask = 2147483647;
			files = (
				1B24F7CF1E086A1800D86E64 /* RandomNumberFactsUITests.swift in Sources */,
			);
			runOnlyForDeploymentPostprocessing = 0;
		};
/* End PBXSourcesBuildPhase section */

/* Begin PBXTargetDependency section */
		1B24F7C11E086A1800D86E64 /* PBXTargetDependency */ = {
			isa = PBXTargetDependency;
			target = 1B24F7AA1E086A1800D86E64 /* RandomNumberFacts */;
			targetProxy = 1B24F7C01E086A1800D86E64 /* PBXContainerItemProxy */;
		};
		1B24F7CC1E086A1800D86E64 /* PBXTargetDependency */ = {
			isa = PBXTargetDependency;
			target = 1B24F7AA1E086A1800D86E64 /* RandomNumberFacts */;
			targetProxy = 1B24F7CB1E086A1800D86E64 /* PBXContainerItemProxy */;
		};
/* End PBXTargetDependency section */

/* Begin PBXVariantGroup section */
		1B24F7B21E086A1800D86E64 /* Main.storyboard */ = {
			isa = PBXVariantGroup;
			children = (
				1B24F7B31E086A1800D86E64 /* Base */,
			);
			name = Main.storyboard;
			sourceTree = "<group>";
		};
		1B24F7B71E086A1800D86E64 /* LaunchScreen.storyboard */ = {
			isa = PBXVariantGroup;
			children = (
				1B24F7B81E086A1800D86E64 /* Base */,
			);
			name = LaunchScreen.storyboard;
			sourceTree = "<group>";
		};
/* End PBXVariantGroup section */

/* Begin XCBuildConfiguration section */
		1B24F7D11E086A1800D86E64 /* Debug */ = {
			isa = XCBuildConfiguration;
			buildSettings = {
				ALWAYS_SEARCH_USER_PATHS = NO;
				CLANG_ANALYZER_NONNULL = YES;
				CLANG_CXX_LANGUAGE_STANDARD = "gnu++0x";
				CLANG_CXX_LIBRARY = "libc++";
				CLANG_ENABLE_MODULES = YES;
				CLANG_ENABLE_OBJC_ARC = YES;
				CLANG_WARN_BOOL_CONVERSION = YES;
				CLANG_WARN_CONSTANT_CONVERSION = YES;
				CLANG_WARN_DIRECT_OBJC_ISA_USAGE = YES_ERROR;
				CLANG_WARN_DOCUMENTATION_COMMENTS = YES;
				CLANG_WARN_EMPTY_BODY = YES;
				CLANG_WARN_ENUM_CONVERSION = YES;
				CLANG_WARN_INFINITE_RECURSION = YES;
				CLANG_WARN_INT_CONVERSION = YES;
				CLANG_WARN_OBJC_ROOT_CLASS = YES_ERROR;
				CLANG_WARN_SUSPICIOUS_MOVE = YES;
				CLANG_WARN_UNREACHABLE_CODE = YES;
				CLANG_WARN__DUPLICATE_METHOD_MATCH = YES;
				"CODE_SIGN_IDENTITY[sdk=iphoneos*]" = "iPhone Developer";
				COPY_PHASE_STRIP = NO;
				DEBUG_INFORMATION_FORMAT = dwarf;
				ENABLE_STRICT_OBJC_MSGSEND = YES;
				ENABLE_TESTABILITY = YES;
				GCC_C_LANGUAGE_STANDARD = gnu99;
				GCC_DYNAMIC_NO_PIC = NO;
				GCC_NO_COMMON_BLOCKS = YES;
				GCC_OPTIMIZATION_LEVEL = 0;
				GCC_PREPROCESSOR_DEFINITIONS = (
					"DEBUG=1",
					"$(inherited)",
				);
				GCC_WARN_64_TO_32_BIT_CONVERSION = YES;
				GCC_WARN_ABOUT_RETURN_TYPE = YES_ERROR;
				GCC_WARN_UNDECLARED_SELECTOR = YES;
				GCC_WARN_UNINITIALIZED_AUTOS = YES_AGGRESSIVE;
				GCC_WARN_UNUSED_FUNCTION = YES;
				GCC_WARN_UNUSED_VARIABLE = YES;
				IPHONEOS_DEPLOYMENT_TARGET = 10.2;
				MTL_ENABLE_DEBUG_INFO = YES;
				ONLY_ACTIVE_ARCH = YES;
				SDKROOT = iphoneos;
				SWIFT_ACTIVE_COMPILATION_CONDITIONS = DEBUG;
				SWIFT_OPTIMIZATION_LEVEL = "-Onone";
			};
			name = Debug;
		};
		1B24F7D21E086A1800D86E64 /* Release */ = {
			isa = XCBuildConfiguration;
			buildSettings = {
				ALWAYS_SEARCH_USER_PATHS = NO;
				CLANG_ANALYZER_NONNULL = YES;
				CLANG_CXX_LANGUAGE_STANDARD = "gnu++0x";
				CLANG_CXX_LIBRARY = "libc++";
				CLANG_ENABLE_MODULES = YES;
				CLANG_ENABLE_OBJC_ARC = YES;
				CLANG_WARN_BOOL_CONVERSION = YES;
				CLANG_WARN_CONSTANT_CONVERSION = YES;
				CLANG_WARN_DIRECT_OBJC_ISA_USAGE = YES_ERROR;
				CLANG_WARN_DOCUMENTATION_COMMENTS = YES;
				CLANG_WARN_EMPTY_BODY = YES;
				CLANG_WARN_ENUM_CONVERSION = YES;
				CLANG_WARN_INFINITE_RECURSION = YES;
				CLANG_WARN_INT_CONVERSION = YES;
				CLANG_WARN_OBJC_ROOT_CLASS = YES_ERROR;
				CLANG_WARN_SUSPICIOUS_MOVE = YES;
				CLANG_WARN_UNREACHABLE_CODE = YES;
				CLANG_WARN__DUPLICATE_METHOD_MATCH = YES;
				"CODE_SIGN_IDENTITY[sdk=iphoneos*]" = "iPhone Developer";
				COPY_PHASE_STRIP = NO;
				DEBUG_INFORMATION_FORMAT = "dwarf-with-dsym";
				ENABLE_NS_ASSERTIONS = NO;
				ENABLE_STRICT_OBJC_MSGSEND = YES;
				GCC_C_LANGUAGE_STANDARD = gnu99;
				GCC_NO_COMMON_BLOCKS = YES;
				GCC_WARN_64_TO_32_BIT_CONVERSION = YES;
				GCC_WARN_ABOUT_RETURN_TYPE = YES_ERROR;
				GCC_WARN_UNDECLARED_SELECTOR = YES;
				GCC_WARN_UNINITIALIZED_AUTOS = YES_AGGRESSIVE;
				GCC_WARN_UNUSED_FUNCTION = YES;
				GCC_WARN_UNUSED_VARIABLE = YES;
				IPHONEOS_DEPLOYMENT_TARGET = 10.2;
				MTL_ENABLE_DEBUG_INFO = NO;
				SDKROOT = iphoneos;
				SWIFT_OPTIMIZATION_LEVEL = "-Owholemodule";
				VALIDATE_PRODUCT = YES;
			};
			name = Release;
		};
		1B24F7D41E086A1800D86E64 /* Debug */ = {
			isa = XCBuildConfiguration;
			buildSettings = {
				ASSETCATALOG_COMPILER_APPICON_NAME = AppIcon;
				INFOPLIST_FILE = RandomNumberFacts/Info.plist;
				LD_RUNPATH_SEARCH_PATHS = "$(inherited) @executable_path/Frameworks";
				PRODUCT_BUNDLE_IDENTIFIER = com.first.RandomNumberFacts;
				PRODUCT_NAME = "$(TARGET_NAME)";
				SWIFT_VERSION = 3.0;
			};
			name = Debug;
		};
		1B24F7D51E086A1800D86E64 /* Release */ = {
			isa = XCBuildConfiguration;
			buildSettings = {
				ASSETCATALOG_COMPILER_APPICON_NAME = AppIcon;
				INFOPLIST_FILE = RandomNumberFacts/Info.plist;
				LD_RUNPATH_SEARCH_PATHS = "$(inherited) @executable_path/Frameworks";
				PRODUCT_BUNDLE_IDENTIFIER = com.first.RandomNumberFacts;
				PRODUCT_NAME = "$(TARGET_NAME)";
				SWIFT_VERSION = 3.0;
			};
			name = Release;
		};
		1B24F7D71E086A1800D86E64 /* Debug */ = {
			isa = XCBuildConfiguration;
			buildSettings = {
				ALWAYS_EMBED_SWIFT_STANDARD_LIBRARIES = YES;
				BUNDLE_LOADER = "$(TEST_HOST)";
				INFOPLIST_FILE = RandomNumberFactsTests/Info.plist;
				LD_RUNPATH_SEARCH_PATHS = "$(inherited) @executable_path/Frameworks @loader_path/Frameworks";
				PRODUCT_BUNDLE_IDENTIFIER = com.first.RandomNumberFactsTests;
				PRODUCT_NAME = "$(TARGET_NAME)";
				SWIFT_VERSION = 3.0;
				TEST_HOST = "$(BUILT_PRODUCTS_DIR)/RandomNumberFacts.app/RandomNumberFacts";
			};
			name = Debug;
		};
		1B24F7D81E086A1800D86E64 /* Release */ = {
			isa = XCBuildConfiguration;
			buildSettings = {
				ALWAYS_EMBED_SWIFT_STANDARD_LIBRARIES = YES;
				BUNDLE_LOADER = "$(TEST_HOST)";
				INFOPLIST_FILE = RandomNumberFactsTests/Info.plist;
				LD_RUNPATH_SEARCH_PATHS = "$(inherited) @executable_path/Frameworks @loader_path/Frameworks";
				PRODUCT_BUNDLE_IDENTIFIER = com.first.RandomNumberFactsTests;
				PRODUCT_NAME = "$(TARGET_NAME)";
				SWIFT_VERSION = 3.0;
				TEST_HOST = "$(BUILT_PRODUCTS_DIR)/RandomNumberFacts.app/RandomNumberFacts";
			};
			name = Release;
		};
		1B24F7DA1E086A1800D86E64 /* Debug */ = {
			isa = XCBuildConfiguration;
			buildSettings = {
				ALWAYS_EMBED_SWIFT_STANDARD_LIBRARIES = YES;
				INFOPLIST_FILE = RandomNumberFactsUITests/Info.plist;
				LD_RUNPATH_SEARCH_PATHS = "$(inherited) @executable_path/Frameworks @loader_path/Frameworks";
				PRODUCT_BUNDLE_IDENTIFIER = com.first.RandomNumberFactsUITests;
				PRODUCT_NAME = "$(TARGET_NAME)";
				SWIFT_VERSION = 3.0;
				TEST_TARGET_NAME = RandomNumberFacts;
			};
			name = Debug;
		};
		1B24F7DB1E086A1800D86E64 /* Release */ = {
			isa = XCBuildConfiguration;
			buildSettings = {
				ALWAYS_EMBED_SWIFT_STANDARD_LIBRARIES = YES;
				INFOPLIST_FILE = RandomNumberFactsUITests/Info.plist;
				LD_RUNPATH_SEARCH_PATHS = "$(inherited) @executable_path/Frameworks @loader_path/Frameworks";
				PRODUCT_BUNDLE_IDENTIFIER = com.first.RandomNumberFactsUITests;
				PRODUCT_NAME = "$(TARGET_NAME)";
				SWIFT_VERSION = 3.0;
				TEST_TARGET_NAME = RandomNumberFacts;
			};
			name = Release;
		};
/* End XCBuildConfiguration section */

/* Begin XCConfigurationList section */
		1B24F7A61E086A1800D86E64 /* Build configuration list for PBXProject "RandomNumberFacts" */ = {
			isa = XCConfigurationList;
			buildConfigurations = (
				1B24F7D11E086A1800D86E64 /* Debug */,
				1B24F7D21E086A1800D86E64 /* Release */,
			);
			defaultConfigurationIsVisible = 0;
			defaultConfigurationName = Release;
		};
		1B24F7D31E086A1800D86E64 /* Build configuration list for PBXNativeTarget "RandomNumberFacts" */ = {
			isa = XCConfigurationList;
			buildConfigurations = (
				1B24F7D41E086A1800D86E64 /* Debug */,
				1B24F7D51E086A1800D86E64 /* Release */,
			);
			defaultConfigurationIsVisible = 0;
			defaultConfigurationName = Release;
		};
		1B24F7D61E086A1800D86E64 /* Build configuration list for PBXNativeTarget "RandomNumberFactsTests" */ = {
			isa = XCConfigurationList;
			buildConfigurations = (
				1B24F7D71E086A1800D86E64 /* Debug */,
				1B24F7D81E086A1800D86E64 /* Release */,
			);
			defaultConfigurationIsVisible = 0;
			defaultConfigurationName = Release;
		};
		1B24F7D91E086A1800D86E64 /* Build configuration list for PBXNativeTarget "RandomNumberFactsUITests" */ = {
			isa = XCConfigurationList;
			buildConfigurations = (
				1B24F7DA1E086A1800D86E64 /* Debug */,
				1B24F7DB1E086A1800D86E64 /* Release */,
			);
			defaultConfigurationIsVisible = 0;
			defaultConfigurationName = Release;
		};
/* End XCConfigurationList section */
	};
	rootObject = 1B24F7A31E086A1800D86E64 /* Project object */;
}
